
Microsoft Visual Studio Solution File, Format Version 12.00
# Visual Studio Version 17
VisualStudioVersion = 17.3.32922.545
MinimumVisualStudioVersion = 10.0.40219.1
Project("{8BC9CEB8-8B4A-11D0-8D11-00A0C91BC942}") = "PR5.11", "PR5.11\PR5.11.vcxproj", "{84E35B10-54D0-4FCD-BD14-E0B7B91EC341}"
EndProject
Project("{8BC9CEB8-8B4A-11D0-8D11-00A0C91BC942}") = "UnitTest1", "UnitTest1\UnitTest1.vcxproj", "{E6B4903C-7F05-464E-8626-3FF10FF169C4}"
EndProject
Global
	GlobalSection(SolutionConfigurationPlatforms) = preSolution
		Debug|x64 = Debug|x64
		Debug|x86 = Debug|x86
		Release|x64 = Release|x64
		Release|x86 = Release|x86
	EndGlobalSection
	GlobalSection(ProjectConfigurationPlatforms) = postSolution
		{84E35B10-54D0-4FCD-BD14-E0B7B91EC341}.Debug|x64.ActiveCfg = Debug|x64
		{84E35B10-54D0-4FCD-BD14-E0B7B91EC341}.Debug|x64.Build.0 = Debug|x64
		{84E35B10-54D0-4FCD-BD14-E0B7B91EC341}.Debug|x86.ActiveCfg = Debug|Win32
		{84E35B10-54D0-4FCD-BD14-E0B7B91EC341}.Debug|x86.Build.0 = Debug|Win32
		{84E35B10-54D0-4FCD-BD14-E0B7B91EC341}.Release|x64.ActiveCfg = Release|x64
		{84E35B10-54D0-4FCD-BD14-E0B7B91EC341}.Release|x64.Build.0 = Release|x64
		{84E35B10-54D0-4FCD-BD14-E0B7B91EC341}.Release|x86.ActiveCfg = Release|Win32
		{84E35B10-54D0-4FCD-BD14-E0B7B91EC341}.Release|x86.Build.0 = Release|Win32
		{E6B4903C-7F05-464E-8626-3FF10FF169C4}.Debug|x64.ActiveCfg = Debug|x64
		{E6B4903C-7F05-464E-8626-3FF10FF169C4}.Debug|x64.Build.0 = Debug|x64
		{E6B4903C-7F05-464E-8626-3FF10FF169C4}.Debug|x86.ActiveCfg = Debug|Win32
		{E6B4903C-7F05-464E-8626-3FF10FF169C4}.Debug|x86.Build.0 = Debug|Win32
		{E6B4903C-7F05-464E-8626-3FF10FF169C4}.Release|x64.ActiveCfg = Release|x64
		{E6B4903C-7F05-464E-8626-3FF10FF169C4}.Release|x64.Build.0 = Release|x64
		{E6B4903C-7F05-464E-8626-3FF10FF169C4}.Release|x86.ActiveCfg = Release|Win32
		{E6B4903C-7F05-464E-8626-3FF10FF169C4}.Release|x86.Build.0 = Release|Win32
	EndGlobalSection
	GlobalSection(SolutionProperties) = preSolution
		HideSolutionNode = FALSE
	EndGlobalSection
	GlobalSection(ExtensibilityGlobals) = postSolution
		SolutionGuid = {7FD35BBF-EA23-48AA-B499-73518D688103}
	EndGlobalSection
EndGlobal
